
Microsoft Visual Studio Solution File, Format Version 12.00
# Visual Studio Version 16
VisualStudioVersion = 16.0.31624.102
MinimumVisualStudioVersion = 10.0.40219.1
Project("{F184B08F-C81C-45F6-A57F-5ABD9991F28F}") = "VBMadlaActivity2", "VBMadlaActivity2\VBMadlaActivity2.vbproj", "{BF9263C6-22EF-41EC-ABDA-0E6880632F8D}"
EndProject
Global
	GlobalSection(SolutionConfigurationPlatforms) = preSolution
		Debug|Any CPU = Debug|Any CPU
		Release|Any CPU = Release|Any CPU
	EndGlobalSection
	GlobalSection(ProjectConfigurationPlatforms) = postSolution
		{BF9263C6-22EF-41EC-ABDA-0E6880632F8D}.Debug|Any CPU.ActiveCfg = Debug|Any CPU
		{BF9263C6-22EF-41EC-ABDA-0E6880632F8D}.Debug|Any CPU.Build.0 = Debug|Any CPU
		{BF9263C6-22EF-41EC-ABDA-0E6880632F8D}.Release|Any CPU.ActiveCfg = Release|Any CPU
		{BF9263C6-22EF-41EC-ABDA-0E6880632F8D}.Release|Any CPU.Build.0 = Release|Any CPU
	EndGlobalSection
	GlobalSection(SolutionProperties) = preSolution
		HideSolutionNode = FALSE
	EndGlobalSection
	GlobalSection(ExtensibilityGlobals) = postSolution
		SolutionGuid = {C8F9CE68-3E65-4A9D-BF7F-0521FA260354}
	EndGlobalSection
EndGlobal
